
Microsoft Visual Studio Solution File, Format Version 12.00
# Visual Studio Version 17
VisualStudioVersion = 17.0.31903.59
MinimumVisualStudioVersion = 10.0.40219.1
Project("{FAE04EC0-301F-11D3-BF4B-00C04F79EFBC}") = "AcademiaDoZe.Domain", "AcademiaDoZe.Domain\AcademiaDoZe.Domain.csproj", "{FB6EBDC5-3ACE-4791-85E3-70539AADA118}"
EndProject
Project("{FAE04EC0-301F-11D3-BF4B-00C04F79EFBC}") = "AcademiaDoZe.Domain.Tests", "AcademiaDoZe.Domain.Tests\AcademiaDoZe.Domain.Tests.csproj", "{3EC7A8A4-20E8-46DF-9F48-528A846D6D5E}"
EndProject
Project("{FAE04EC0-301F-11D3-BF4B-00C04F79EFBC}") = "AcademiaDoZe.Infrastructure", "AcademiaDoZe.Infrastructure\AcademiaDoZe.Infrastructure.csproj", "{6ADDC2D5-4967-4C69-9501-43CF1FCD4FD2}"
EndProject
Project("{FAE04EC0-301F-11D3-BF4B-00C04F79EFBC}") = "AcademiaDoZe.Infrastructure.Tests", "AcademiaDoZe.Infrastructure.Tests\AcademiaDoZe.Infrastructure.Tests.csproj", "{67ACD2EA-6D2E-4C31-9BDE-12DC8AB81072}"
EndProject
Project("{FAE04EC0-301F-11D3-BF4B-00C04F79EFBC}") = "AcademiaDoZe.Application", "AcademiaDoZe.Application\AcademiaDoZe.Application.csproj", "{ACE49BD9-114C-4CF5-937F-7D097EDA2B4C}"
EndProject
Project("{FAE04EC0-301F-11D3-BF4B-00C04F79EFBC}") = "AcademiaDoZe.Application.Tests", "AcademiaDoZe.Application.Tests\AcademiaDoZe.Application.Tests.csproj", "{9135BE1C-FE38-4FAD-B997-3B756133975C}"
EndProject
Global
	GlobalSection(SolutionConfigurationPlatforms) = preSolution
		Debug|Any CPU = Debug|Any CPU
		Debug|x64 = Debug|x64
		Debug|x86 = Debug|x86
		Release|Any CPU = Release|Any CPU
		Release|x64 = Release|x64
		Release|x86 = Release|x86
	EndGlobalSection
	GlobalSection(ProjectConfigurationPlatforms) = postSolution
		{FB6EBDC5-3ACE-4791-85E3-70539AADA118}.Debug|Any CPU.ActiveCfg = Debug|Any CPU
		{FB6EBDC5-3ACE-4791-85E3-70539AADA118}.Debug|Any CPU.Build.0 = Debug|Any CPU
		{FB6EBDC5-3ACE-4791-85E3-70539AADA118}.Debug|x64.ActiveCfg = Debug|Any CPU
		{FB6EBDC5-3ACE-4791-85E3-70539AADA118}.Debug|x64.Build.0 = Debug|Any CPU
		{FB6EBDC5-3ACE-4791-85E3-70539AADA118}.Debug|x86.ActiveCfg = Debug|Any CPU
		{FB6EBDC5-3ACE-4791-85E3-70539AADA118}.Debug|x86.Build.0 = Debug|Any CPU
		{FB6EBDC5-3ACE-4791-85E3-70539AADA118}.Release|Any CPU.ActiveCfg = Release|Any CPU
		{FB6EBDC5-3ACE-4791-85E3-70539AADA118}.Release|Any CPU.Build.0 = Release|Any CPU
		{FB6EBDC5-3ACE-4791-85E3-70539AADA118}.Release|x64.ActiveCfg = Release|Any CPU
		{FB6EBDC5-3ACE-4791-85E3-70539AADA118}.Release|x64.Build.0 = Release|Any CPU
		{FB6EBDC5-3ACE-4791-85E3-70539AADA118}.Release|x86.ActiveCfg = Release|Any CPU
		{FB6EBDC5-3ACE-4791-85E3-70539AADA118}.Release|x86.Build.0 = Release|Any CPU
		{3EC7A8A4-20E8-46DF-9F48-528A846D6D5E}.Debug|Any CPU.ActiveCfg = Debug|Any CPU
		{3EC7A8A4-20E8-46DF-9F48-528A846D6D5E}.Debug|Any CPU.Build.0 = Debug|Any CPU
		{3EC7A8A4-20E8-46DF-9F48-528A846D6D5E}.Debug|x64.ActiveCfg = Debug|Any CPU
		{3EC7A8A4-20E8-46DF-9F48-528A846D6D5E}.Debug|x64.Build.0 = Debug|Any CPU
		{3EC7A8A4-20E8-46DF-9F48-528A846D6D5E}.Debug|x86.ActiveCfg = Debug|Any CPU
		{3EC7A8A4-20E8-46DF-9F48-528A846D6D5E}.Debug|x86.Build.0 = Debug|Any CPU
		{3EC7A8A4-20E8-46DF-9F48-528A846D6D5E}.Release|Any CPU.ActiveCfg = Release|Any CPU
		{3EC7A8A4-20E8-46DF-9F48-528A846D6D5E}.Release|Any CPU.Build.0 = Release|Any CPU
		{3EC7A8A4-20E8-46DF-9F48-528A846D6D5E}.Release|x64.ActiveCfg = Release|Any CPU
		{3EC7A8A4-20E8-46DF-9F48-528A846D6D5E}.Release|x64.Build.0 = Release|Any CPU
		{3EC7A8A4-20E8-46DF-9F48-528A846D6D5E}.Release|x86.ActiveCfg = Release|Any CPU
		{3EC7A8A4-20E8-46DF-9F48-528A846D6D5E}.Release|x86.Build.0 = Release|Any CPU
		{6ADDC2D5-4967-4C69-9501-43CF1FCD4FD2}.Debug|Any CPU.ActiveCfg = Debug|Any CPU
		{6ADDC2D5-4967-4C69-9501-43CF1FCD4FD2}.Debug|Any CPU.Build.0 = Debug|Any CPU
		{6ADDC2D5-4967-4C69-9501-43CF1FCD4FD2}.Debug|x64.ActiveCfg = Debug|Any CPU
		{6ADDC2D5-4967-4C69-9501-43CF1FCD4FD2}.Debug|x64.Build.0 = Debug|Any CPU
		{6ADDC2D5-4967-4C69-9501-43CF1FCD4FD2}.Debug|x86.ActiveCfg = Debug|Any CPU
		{6ADDC2D5-4967-4C69-9501-43CF1FCD4FD2}.Debug|x86.Build.0 = Debug|Any CPU
		{6ADDC2D5-4967-4C69-9501-43CF1FCD4FD2}.Release|Any CPU.ActiveCfg = Release|Any CPU
		{6ADDC2D5-4967-4C69-9501-43CF1FCD4FD2}.Release|Any CPU.Build.0 = Release|Any CPU
		{6ADDC2D5-4967-4C69-9501-43CF1FCD4FD2}.Release|x64.ActiveCfg = Release|Any CPU
		{6ADDC2D5-4967-4C69-9501-43CF1FCD4FD2}.Release|x64.Build.0 = Release|Any CPU
		{6ADDC2D5-4967-4C69-9501-43CF1FCD4FD2}.Release|x86.ActiveCfg = Release|Any CPU
		{6ADDC2D5-4967-4C69-9501-43CF1FCD4FD2}.Release|x86.Build.0 = Release|Any CPU
		{67ACD2EA-6D2E-4C31-9BDE-12DC8AB81072}.Debug|Any CPU.ActiveCfg = Debug|Any CPU
		{67ACD2EA-6D2E-4C31-9BDE-12DC8AB81072}.Debug|Any CPU.Build.0 = Debug|Any CPU
		{67ACD2EA-6D2E-4C31-9BDE-12DC8AB81072}.Debug|x64.ActiveCfg = Debug|Any CPU
		{67ACD2EA-6D2E-4C31-9BDE-12DC8AB81072}.Debug|x64.Build.0 = Debug|Any CPU
		{67ACD2EA-6D2E-4C31-9BDE-12DC8AB81072}.Debug|x86.ActiveCfg = Debug|Any CPU
		{67ACD2EA-6D2E-4C31-9BDE-12DC8AB81072}.Debug|x86.Build.0 = Debug|Any CPU
		{67ACD2EA-6D2E-4C31-9BDE-12DC8AB81072}.Release|Any CPU.ActiveCfg = Release|Any CPU
		{67ACD2EA-6D2E-4C31-9BDE-12DC8AB81072}.Release|Any CPU.Build.0 = Release|Any CPU
		{67ACD2EA-6D2E-4C31-9BDE-12DC8AB81072}.Release|x64.ActiveCfg = Release|Any CPU
		{67ACD2EA-6D2E-4C31-9BDE-12DC8AB81072}.Release|x64.Build.0 = Release|Any CPU
		{67ACD2EA-6D2E-4C31-9BDE-12DC8AB81072}.Release|x86.ActiveCfg = Release|Any CPU
		{67ACD2EA-6D2E-4C31-9BDE-12DC8AB81072}.Release|x86.Build.0 = Release|Any CPU
		{ACE49BD9-114C-4CF5-937F-7D097EDA2B4C}.Debug|Any CPU.ActiveCfg = Debug|Any CPU
		{ACE49BD9-114C-4CF5-937F-7D097EDA2B4C}.Debug|Any CPU.Build.0 = Debug|Any CPU
		{ACE49BD9-114C-4CF5-937F-7D097EDA2B4C}.Debug|x64.ActiveCfg = Debug|Any CPU
		{ACE49BD9-114C-4CF5-937F-7D097EDA2B4C}.Debug|x64.Build.0 = Debug|Any CPU
		{ACE49BD9-114C-4CF5-937F-7D097EDA2B4C}.Debug|x86.ActiveCfg = Debug|Any CPU
		{ACE49BD9-114C-4CF5-937F-7D097EDA2B4C}.Debug|x86.Build.0 = Debug|Any CPU
		{ACE49BD9-114C-4CF5-937F-7D097EDA2B4C}.Release|Any CPU.ActiveCfg = Release|Any CPU
		{ACE49BD9-114C-4CF5-937F-7D097EDA2B4C}.Release|Any CPU.Build.0 = Release|Any CPU
		{ACE49BD9-114C-4CF5-937F-7D097EDA2B4C}.Release|x64.ActiveCfg = Release|Any CPU
		{ACE49BD9-114C-4CF5-937F-7D097EDA2B4C}.Release|x64.Build.0 = Release|Any CPU
		{ACE49BD9-114C-4CF5-937F-7D097EDA2B4C}.Release|x86.ActiveCfg = Release|Any CPU
		{ACE49BD9-114C-4CF5-937F-7D097EDA2B4C}.Release|x86.Build.0 = Release|Any CPU
		{9135BE1C-FE38-4FAD-B997-3B756133975C}.Debug|Any CPU.ActiveCfg = Debug|Any CPU
		{9135BE1C-FE38-4FAD-B997-3B756133975C}.Debug|Any CPU.Build.0 = Debug|Any CPU
		{9135BE1C-FE38-4FAD-B997-3B756133975C}.Debug|x64.ActiveCfg = Debug|Any CPU
		{9135BE1C-FE38-4FAD-B997-3B756133975C}.Debug|x64.Build.0 = Debug|Any CPU
		{9135BE1C-FE38-4FAD-B997-3B756133975C}.Debug|x86.ActiveCfg = Debug|Any CPU
		{9135BE1C-FE38-4FAD-B997-3B756133975C}.Debug|x86.Build.0 = Debug|Any CPU
		{9135BE1C-FE38-4FAD-B997-3B756133975C}.Release|Any CPU.ActiveCfg = Release|Any CPU
		{9135BE1C-FE38-4FAD-B997-3B756133975C}.Release|Any CPU.Build.0 = Release|Any CPU
		{9135BE1C-FE38-4FAD-B997-3B756133975C}.Release|x64.ActiveCfg = Release|Any CPU
		{9135BE1C-FE38-4FAD-B997-3B756133975C}.Release|x64.Build.0 = Release|Any CPU
		{9135BE1C-FE38-4FAD-B997-3B756133975C}.Release|x86.ActiveCfg = Release|Any CPU
		{9135BE1C-FE38-4FAD-B997-3B756133975C}.Release|x86.Build.0 = Release|Any CPU
	EndGlobalSection
	GlobalSection(SolutionProperties) = preSolution
		HideSolutionNode = FALSE
	EndGlobalSection
EndGlobal
